
Microsoft Visual Studio Solution File, Format Version 12.00
# Visual Studio Version 17
VisualStudioVersion = 17.7.34221.43
MinimumVisualStudioVersion = 10.0.40219.1
Project("{FAE04EC0-301F-11D3-BF4B-00C04F79EFBC}") = "Examen3_LuisMontoya", "Examen2\Examen3_LuisMontoya.csproj", "{050669BF-2A2C-4785-A99B-03A36EDBC421}"
EndProject
Global
	GlobalSection(SolutionConfigurationPlatforms) = preSolution
		Debug|Any CPU = Debug|Any CPU
		Release|Any CPU = Release|Any CPU
	EndGlobalSection
	GlobalSection(ProjectConfigurationPlatforms) = postSolution
		{050669BF-2A2C-4785-A99B-03A36EDBC421}.Debug|Any CPU.ActiveCfg = Debug|Any CPU
		{050669BF-2A2C-4785-A99B-03A36EDBC421}.Debug|Any CPU.Build.0 = Debug|Any CPU
		{050669BF-2A2C-4785-A99B-03A36EDBC421}.Release|Any CPU.ActiveCfg = Release|Any CPU
		{050669BF-2A2C-4785-A99B-03A36EDBC421}.Release|Any CPU.Build.0 = Release|Any CPU
	EndGlobalSection
	GlobalSection(SolutionProperties) = preSolution
		HideSolutionNode = FALSE
	EndGlobalSection
	GlobalSection(ExtensibilityGlobals) = postSolution
		SolutionGuid = {F40B96F1-1964-4231-9F1E-D395B7DA93F8}
	EndGlobalSection
EndGlobal
